
Microsoft Visual Studio Solution File, Format Version 12.00
# Visual Studio Version 16
VisualStudioVersion = 16.0.30413.136
MinimumVisualStudioVersion = 10.0.40219.1
Project("{9A19103F-16F7-4668-BE54-9A1E7A4F7556}") = "WebAPIClient.ConsoleApp", "WebAPIClient.ConsoleApp\WebAPIClient.ConsoleApp.csproj", "{F64FBCD0-4BA2-46D1-9F57-49A7C1BF99CD}"
EndProject
Project("{9A19103F-16F7-4668-BE54-9A1E7A4F7556}") = "WebAPIClient.Tests", "WebAPIClient.Tests\WebAPIClient.Tests.csproj", "{CBC8DA45-4B9F-4C26-B029-D1091C3E4DFE}"
EndProject
Global
	GlobalSection(SolutionConfigurationPlatforms) = preSolution
		Debug|Any CPU = Debug|Any CPU
		Release|Any CPU = Release|Any CPU
	EndGlobalSection
	GlobalSection(ProjectConfigurationPlatforms) = postSolution
		{F64FBCD0-4BA2-46D1-9F57-49A7C1BF99CD}.Debug|Any CPU.ActiveCfg = Debug|Any CPU
		{F64FBCD0-4BA2-46D1-9F57-49A7C1BF99CD}.Debug|Any CPU.Build.0 = Debug|Any CPU
		{F64FBCD0-4BA2-46D1-9F57-49A7C1BF99CD}.Release|Any CPU.ActiveCfg = Release|Any CPU
		{F64FBCD0-4BA2-46D1-9F57-49A7C1BF99CD}.Release|Any CPU.Build.0 = Release|Any CPU
		{CBC8DA45-4B9F-4C26-B029-D1091C3E4DFE}.Debug|Any CPU.ActiveCfg = Debug|Any CPU
		{CBC8DA45-4B9F-4C26-B029-D1091C3E4DFE}.Debug|Any CPU.Build.0 = Debug|Any CPU
		{CBC8DA45-4B9F-4C26-B029-D1091C3E4DFE}.Release|Any CPU.ActiveCfg = Release|Any CPU
		{CBC8DA45-4B9F-4C26-B029-D1091C3E4DFE}.Release|Any CPU.Build.0 = Release|Any CPU
	EndGlobalSection
	GlobalSection(SolutionProperties) = preSolution
		HideSolutionNode = FALSE
	EndGlobalSection
	GlobalSection(ExtensibilityGlobals) = postSolution
		SolutionGuid = {3C960663-14CF-4EE6-92CE-B4034045E79C}
	EndGlobalSection
EndGlobal
